
Microsoft Visual Studio Solution File, Format Version 12.00
# Visual Studio Version 17
VisualStudioVersion = 17.1.32228.430
MinimumVisualStudioVersion = 10.0.40219.1
Project("{9A19103F-16F7-4668-BE54-9A1E7A4F7556}") = "CW04_c", "..\CW04_c\CW04_c.csproj", "{9A65C062-A522-4031-897E-1AF1E1013F7C}"
EndProject
Project("{9A19103F-16F7-4668-BE54-9A1E7A4F7556}") = "Zadanie01", "..\Zadanie01\Zadanie01.csproj", "{4EA2772A-DC23-41AF-A9FA-F807D2FF43C9}"
EndProject
Project("{9A19103F-16F7-4668-BE54-9A1E7A4F7556}") = "Zmienne", "..\Zmienne\Zmienne.csproj", "{7DBD5DC7-AF00-4A02-B9E7-93FDF1D36984}"
EndProject
Project("{9A19103F-16F7-4668-BE54-9A1E7A4F7556}") = "RównanieKwadratowe", "..\RównanieKwadratowe\RównanieKwadratowe.csproj", "{CE30D851-ECB3-4661-80FB-056A8F3160E3}"
EndProject
Project("{9A19103F-16F7-4668-BE54-9A1E7A4F7556}") = "Algorytm_X_wieksze_0", "..\Algorytm_X_wieksze_0\Algorytm_X_wieksze_0.csproj", "{C6D413B4-28E9-4CF1-8254-637944A2DE76}"
EndProject
Project("{9A19103F-16F7-4668-BE54-9A1E7A4F7556}") = "Loops_1", "..\Loops_1\Loops_1.csproj", "{7F701CBB-7017-4936-B2E9-9A1A803FF077}"
EndProject
Project("{9A19103F-16F7-4668-BE54-9A1E7A4F7556}") = "Loops_2", "..\Loops_2\Loops_2.csproj", "{DFB8A4AC-6D3E-48A7-ADC5-00023C2E7173}"
EndProject
Project("{9A19103F-16F7-4668-BE54-9A1E7A4F7556}") = "Loops_3", "..\Loops_3\Loops_3.csproj", "{55350DCF-56C9-476C-B0C5-98513C2D4846}"
EndProject
Project("{9A19103F-16F7-4668-BE54-9A1E7A4F7556}") = "Warunki_1", "..\Warunki_1\Warunki_1.csproj", "{D4985FA1-C92D-4656-B046-7E60D027D48F}"
EndProject
Project("{9A19103F-16F7-4668-BE54-9A1E7A4F7556}") = "Warunki_2", "..\Warunki_2\Warunki_2.csproj", "{9A553AB1-0234-47BB-B8C7-477DAE7CAAD9}"
EndProject
Project("{9A19103F-16F7-4668-BE54-9A1E7A4F7556}") = "TypyWartiRef", "TypyWartiRef\TypyWartiRef.csproj", "{975EA1C8-405E-441C-B063-95E8570E5C57}"
EndProject
Project("{9A19103F-16F7-4668-BE54-9A1E7A4F7556}") = "RzutyDwomaKostkami", "RzutyDwomaKostkami\RzutyDwomaKostkami.csproj", "{64D5FC84-7D96-40ED-8C18-281A0DB8B75B}"
EndProject
Project("{FAE04EC0-301F-11D3-BF4B-00C04F79EFBC}") = "Kolekcje", "Kolekcje\Kolekcje.csproj", "{A020E586-EB91-4460-81F4-122F290E8152}"
EndProject
Project("{FAE04EC0-301F-11D3-BF4B-00C04F79EFBC}") = "Kolekcje 2", "Kolekcje 2\Kolekcje 2.csproj", "{A2900846-551A-4EEA-8C49-21928A4825D9}"
EndProject
Project("{FAE04EC0-301F-11D3-BF4B-00C04F79EFBC}") = "Kolekcje3", "Kolekcje3\Kolekcje3.csproj", "{990AF59B-6828-4F93-9BBE-61030BD05779}"
EndProject
Global
	GlobalSection(SolutionConfigurationPlatforms) = preSolution
		Debug|Any CPU = Debug|Any CPU
		Release|Any CPU = Release|Any CPU
	EndGlobalSection
	GlobalSection(ProjectConfigurationPlatforms) = postSolution
		{9A65C062-A522-4031-897E-1AF1E1013F7C}.Debug|Any CPU.ActiveCfg = Debug|Any CPU
		{9A65C062-A522-4031-897E-1AF1E1013F7C}.Debug|Any CPU.Build.0 = Debug|Any CPU
		{9A65C062-A522-4031-897E-1AF1E1013F7C}.Release|Any CPU.ActiveCfg = Release|Any CPU
		{9A65C062-A522-4031-897E-1AF1E1013F7C}.Release|Any CPU.Build.0 = Release|Any CPU
		{4EA2772A-DC23-41AF-A9FA-F807D2FF43C9}.Debug|Any CPU.ActiveCfg = Debug|Any CPU
		{4EA2772A-DC23-41AF-A9FA-F807D2FF43C9}.Debug|Any CPU.Build.0 = Debug|Any CPU
		{4EA2772A-DC23-41AF-A9FA-F807D2FF43C9}.Release|Any CPU.ActiveCfg = Release|Any CPU
		{4EA2772A-DC23-41AF-A9FA-F807D2FF43C9}.Release|Any CPU.Build.0 = Release|Any CPU
		{7DBD5DC7-AF00-4A02-B9E7-93FDF1D36984}.Debug|Any CPU.ActiveCfg = Debug|Any CPU
		{7DBD5DC7-AF00-4A02-B9E7-93FDF1D36984}.Debug|Any CPU.Build.0 = Debug|Any CPU
		{7DBD5DC7-AF00-4A02-B9E7-93FDF1D36984}.Release|Any CPU.ActiveCfg = Release|Any CPU
		{7DBD5DC7-AF00-4A02-B9E7-93FDF1D36984}.Release|Any CPU.Build.0 = Release|Any CPU
		{CE30D851-ECB3-4661-80FB-056A8F3160E3}.Debug|Any CPU.ActiveCfg = Debug|Any CPU
		{CE30D851-ECB3-4661-80FB-056A8F3160E3}.Debug|Any CPU.Build.0 = Debug|Any CPU
		{CE30D851-ECB3-4661-80FB-056A8F3160E3}.Release|Any CPU.ActiveCfg = Release|Any CPU
		{CE30D851-ECB3-4661-80FB-056A8F3160E3}.Release|Any CPU.Build.0 = Release|Any CPU
		{C6D413B4-28E9-4CF1-8254-637944A2DE76}.Debug|Any CPU.ActiveCfg = Debug|Any CPU
		{C6D413B4-28E9-4CF1-8254-637944A2DE76}.Debug|Any CPU.Build.0 = Debug|Any CPU
		{C6D413B4-28E9-4CF1-8254-637944A2DE76}.Release|Any CPU.ActiveCfg = Release|Any CPU
		{C6D413B4-28E9-4CF1-8254-637944A2DE76}.Release|Any CPU.Build.0 = Release|Any CPU
		{7F701CBB-7017-4936-B2E9-9A1A803FF077}.Debug|Any CPU.ActiveCfg = Debug|Any CPU
		{7F701CBB-7017-4936-B2E9-9A1A803FF077}.Debug|Any CPU.Build.0 = Debug|Any CPU
		{7F701CBB-7017-4936-B2E9-9A1A803FF077}.Release|Any CPU.ActiveCfg = Release|Any CPU
		{7F701CBB-7017-4936-B2E9-9A1A803FF077}.Release|Any CPU.Build.0 = Release|Any CPU
		{DFB8A4AC-6D3E-48A7-ADC5-00023C2E7173}.Debug|Any CPU.ActiveCfg = Debug|Any CPU
		{DFB8A4AC-6D3E-48A7-ADC5-00023C2E7173}.Debug|Any CPU.Build.0 = Debug|Any CPU
		{DFB8A4AC-6D3E-48A7-ADC5-00023C2E7173}.Release|Any CPU.ActiveCfg = Release|Any CPU
		{DFB8A4AC-6D3E-48A7-ADC5-00023C2E7173}.Release|Any CPU.Build.0 = Release|Any CPU
		{55350DCF-56C9-476C-B0C5-98513C2D4846}.Debug|Any CPU.ActiveCfg = Debug|Any CPU
		{55350DCF-56C9-476C-B0C5-98513C2D4846}.Debug|Any CPU.Build.0 = Debug|Any CPU
		{55350DCF-56C9-476C-B0C5-98513C2D4846}.Release|Any CPU.ActiveCfg = Release|Any CPU
		{55350DCF-56C9-476C-B0C5-98513C2D4846}.Release|Any CPU.Build.0 = Release|Any CPU
		{D4985FA1-C92D-4656-B046-7E60D027D48F}.Debug|Any CPU.ActiveCfg = Debug|Any CPU
		{D4985FA1-C92D-4656-B046-7E60D027D48F}.Debug|Any CPU.Build.0 = Debug|Any CPU
		{D4985FA1-C92D-4656-B046-7E60D027D48F}.Release|Any CPU.ActiveCfg = Release|Any CPU
		{D4985FA1-C92D-4656-B046-7E60D027D48F}.Release|Any CPU.Build.0 = Release|Any CPU
		{9A553AB1-0234-47BB-B8C7-477DAE7CAAD9}.Debug|Any CPU.ActiveCfg = Debug|Any CPU
		{9A553AB1-0234-47BB-B8C7-477DAE7CAAD9}.Debug|Any CPU.Build.0 = Debug|Any CPU
		{9A553AB1-0234-47BB-B8C7-477DAE7CAAD9}.Release|Any CPU.ActiveCfg = Release|Any CPU
		{9A553AB1-0234-47BB-B8C7-477DAE7CAAD9}.Release|Any CPU.Build.0 = Release|Any CPU
		{975EA1C8-405E-441C-B063-95E8570E5C57}.Debug|Any CPU.ActiveCfg = Debug|Any CPU
		{975EA1C8-405E-441C-B063-95E8570E5C57}.Debug|Any CPU.Build.0 = Debug|Any CPU
		{975EA1C8-405E-441C-B063-95E8570E5C57}.Release|Any CPU.ActiveCfg = Release|Any CPU
		{975EA1C8-405E-441C-B063-95E8570E5C57}.Release|Any CPU.Build.0 = Release|Any CPU
		{64D5FC84-7D96-40ED-8C18-281A0DB8B75B}.Debug|Any CPU.ActiveCfg = Debug|Any CPU
		{64D5FC84-7D96-40ED-8C18-281A0DB8B75B}.Debug|Any CPU.Build.0 = Debug|Any CPU
		{64D5FC84-7D96-40ED-8C18-281A0DB8B75B}.Release|Any CPU.ActiveCfg = Release|Any CPU
		{64D5FC84-7D96-40ED-8C18-281A0DB8B75B}.Release|Any CPU.Build.0 = Release|Any CPU
		{A020E586-EB91-4460-81F4-122F290E8152}.Debug|Any CPU.ActiveCfg = Debug|Any CPU
		{A020E586-EB91-4460-81F4-122F290E8152}.Debug|Any CPU.Build.0 = Debug|Any CPU
		{A020E586-EB91-4460-81F4-122F290E8152}.Release|Any CPU.ActiveCfg = Release|Any CPU
		{A020E586-EB91-4460-81F4-122F290E8152}.Release|Any CPU.Build.0 = Release|Any CPU
		{A2900846-551A-4EEA-8C49-21928A4825D9}.Debug|Any CPU.ActiveCfg = Debug|Any CPU
		{A2900846-551A-4EEA-8C49-21928A4825D9}.Debug|Any CPU.Build.0 = Debug|Any CPU
		{A2900846-551A-4EEA-8C49-21928A4825D9}.Release|Any CPU.ActiveCfg = Release|Any CPU
		{A2900846-551A-4EEA-8C49-21928A4825D9}.Release|Any CPU.Build.0 = Release|Any CPU
		{990AF59B-6828-4F93-9BBE-61030BD05779}.Debug|Any CPU.ActiveCfg = Debug|Any CPU
		{990AF59B-6828-4F93-9BBE-61030BD05779}.Debug|Any CPU.Build.0 = Debug|Any CPU
		{990AF59B-6828-4F93-9BBE-61030BD05779}.Release|Any CPU.ActiveCfg = Release|Any CPU
		{990AF59B-6828-4F93-9BBE-61030BD05779}.Release|Any CPU.Build.0 = Release|Any CPU
	EndGlobalSection
	GlobalSection(SolutionProperties) = preSolution
		HideSolutionNode = FALSE
	EndGlobalSection
	GlobalSection(ExtensibilityGlobals) = postSolution
		SolutionGuid = {F6236211-26C4-4945-88A5-6F4FC6D29933}
	EndGlobalSection
EndGlobal
